
Microsoft Visual Studio Solution File, Format Version 12.00
# Visual Studio Version 16
VisualStudioVersion = 16.0.32228.343
MinimumVisualStudioVersion = 10.0.40219.1
Project("{FAE04EC0-301F-11D3-BF4B-00C04F79EFBC}") = "_LemonClient", "_LemonClient\_LemonClient.csproj", "{DDCDE6CF-F5E4-407D-97A9-D1231AAFB1A5}"
EndProject
Global
	GlobalSection(SolutionConfigurationPlatforms) = preSolution
		Debug|Any CPU = Debug|Any CPU
		Release|Any CPU = Release|Any CPU
	EndGlobalSection
	GlobalSection(ProjectConfigurationPlatforms) = postSolution
		{DDCDE6CF-F5E4-407D-97A9-D1231AAFB1A5}.Debug|Any CPU.ActiveCfg = Debug|Any CPU
		{DDCDE6CF-F5E4-407D-97A9-D1231AAFB1A5}.Debug|Any CPU.Build.0 = Debug|Any CPU
		{DDCDE6CF-F5E4-407D-97A9-D1231AAFB1A5}.Release|Any CPU.ActiveCfg = Release|Any CPU
		{DDCDE6CF-F5E4-407D-97A9-D1231AAFB1A5}.Release|Any CPU.Build.0 = Release|Any CPU
	EndGlobalSection
	GlobalSection(SolutionProperties) = preSolution
		HideSolutionNode = FALSE
	EndGlobalSection
	GlobalSection(ExtensibilityGlobals) = postSolution
		SolutionGuid = {CB6FE748-12D1-4ADC-93F9-8F12F3995DB4}
	EndGlobalSection
EndGlobal
